
Microsoft Visual Studio Solution File, Format Version 12.00
# Visual Studio Version 17
VisualStudioVersion = 17.0.32014.148
MinimumVisualStudioVersion = 10.0.40219.1
Project("{2150E333-8FDC-42A3-9474-1A3956D46DE8}") = "src", "src", "{932D8224-11F6-4D07-B109-DA28AD288A63}"
EndProject
Project("{2150E333-8FDC-42A3-9474-1A3956D46DE8}") = "Solution Items", "Solution Items", "{3AF739CD-81D8-428D-A08A-0A58372DEBF6}"
	ProjectSection(SolutionItems) = preProject
		Local.testsettings = Local.testsettings
		NuGet.config = NuGet.config
	EndProjectSection
EndProject
Project("{2150E333-8FDC-42A3-9474-1A3956D46DE8}") = "ERP", "ERP", "{3F5473D6-3368-4699-A964-D2C60C7DD603}"
EndProject
Project("{9A19103F-16F7-4668-BE54-9A1E7A4F7556}") = "API", "src\ERP\ERP.API\API.csproj", "{D6C5CE0C-8051-476B-A8F6-CD52FC8767EC}"
EndProject
Project("{9A19103F-16F7-4668-BE54-9A1E7A4F7556}") = "Domain", "src\ERP\ERP.Domain\Domain.csproj", "{B3C3BD75-528E-4587-9D1D-7B24EB885C2F}"
EndProject
Project("{9A19103F-16F7-4668-BE54-9A1E7A4F7556}") = "Infrastructure", "src\ERP\ERP.Infrastructure\Infrastructure.csproj", "{322F6637-8E70-44AD-B2DA-3CFFBDFC8138}"
EndProject
Global
	GlobalSection(SolutionConfigurationPlatforms) = preSolution
		Ad-Hoc|Any CPU = Ad-Hoc|Any CPU
		Ad-Hoc|ARM = Ad-Hoc|ARM
		Ad-Hoc|iPhone = Ad-Hoc|iPhone
		Ad-Hoc|iPhoneSimulator = Ad-Hoc|iPhoneSimulator
		Ad-Hoc|x64 = Ad-Hoc|x64
		Ad-Hoc|x86 = Ad-Hoc|x86
		AppStore|Any CPU = AppStore|Any CPU
		AppStore|ARM = AppStore|ARM
		AppStore|iPhone = AppStore|iPhone
		AppStore|iPhoneSimulator = AppStore|iPhoneSimulator
		AppStore|x64 = AppStore|x64
		AppStore|x86 = AppStore|x86
		Debug|Any CPU = Debug|Any CPU
		Debug|ARM = Debug|ARM
		Debug|iPhone = Debug|iPhone
		Debug|iPhoneSimulator = Debug|iPhoneSimulator
		Debug|x64 = Debug|x64
		Debug|x86 = Debug|x86
		Release|Any CPU = Release|Any CPU
		Release|ARM = Release|ARM
		Release|iPhone = Release|iPhone
		Release|iPhoneSimulator = Release|iPhoneSimulator
		Release|x64 = Release|x64
		Release|x86 = Release|x86
	EndGlobalSection
	GlobalSection(ProjectConfigurationPlatforms) = postSolution
		{D6C5CE0C-8051-476B-A8F6-CD52FC8767EC}.Ad-Hoc|Any CPU.ActiveCfg = Debug|Any CPU
		{D6C5CE0C-8051-476B-A8F6-CD52FC8767EC}.Ad-Hoc|Any CPU.Build.0 = Debug|Any CPU
		{D6C5CE0C-8051-476B-A8F6-CD52FC8767EC}.Ad-Hoc|ARM.ActiveCfg = Debug|Any CPU
		{D6C5CE0C-8051-476B-A8F6-CD52FC8767EC}.Ad-Hoc|ARM.Build.0 = Debug|Any CPU
		{D6C5CE0C-8051-476B-A8F6-CD52FC8767EC}.Ad-Hoc|iPhone.ActiveCfg = Debug|Any CPU
		{D6C5CE0C-8051-476B-A8F6-CD52FC8767EC}.Ad-Hoc|iPhone.Build.0 = Debug|Any CPU
		{D6C5CE0C-8051-476B-A8F6-CD52FC8767EC}.Ad-Hoc|iPhoneSimulator.ActiveCfg = Debug|Any CPU
		{D6C5CE0C-8051-476B-A8F6-CD52FC8767EC}.Ad-Hoc|iPhoneSimulator.Build.0 = Debug|Any CPU
		{D6C5CE0C-8051-476B-A8F6-CD52FC8767EC}.Ad-Hoc|x64.ActiveCfg = Debug|Any CPU
		{D6C5CE0C-8051-476B-A8F6-CD52FC8767EC}.Ad-Hoc|x64.Build.0 = Debug|Any CPU
		{D6C5CE0C-8051-476B-A8F6-CD52FC8767EC}.Ad-Hoc|x86.ActiveCfg = Debug|Any CPU
		{D6C5CE0C-8051-476B-A8F6-CD52FC8767EC}.Ad-Hoc|x86.Build.0 = Debug|Any CPU
		{D6C5CE0C-8051-476B-A8F6-CD52FC8767EC}.AppStore|Any CPU.ActiveCfg = Debug|Any CPU
		{D6C5CE0C-8051-476B-A8F6-CD52FC8767EC}.AppStore|Any CPU.Build.0 = Debug|Any CPU
		{D6C5CE0C-8051-476B-A8F6-CD52FC8767EC}.AppStore|ARM.ActiveCfg = Debug|Any CPU
		{D6C5CE0C-8051-476B-A8F6-CD52FC8767EC}.AppStore|ARM.Build.0 = Debug|Any CPU
		{D6C5CE0C-8051-476B-A8F6-CD52FC8767EC}.AppStore|iPhone.ActiveCfg = Debug|Any CPU
		{D6C5CE0C-8051-476B-A8F6-CD52FC8767EC}.AppStore|iPhone.Build.0 = Debug|Any CPU
		{D6C5CE0C-8051-476B-A8F6-CD52FC8767EC}.AppStore|iPhoneSimulator.ActiveCfg = Debug|Any CPU
		{D6C5CE0C-8051-476B-A8F6-CD52FC8767EC}.AppStore|iPhoneSimulator.Build.0 = Debug|Any CPU
		{D6C5CE0C-8051-476B-A8F6-CD52FC8767EC}.AppStore|x64.ActiveCfg = Debug|Any CPU
		{D6C5CE0C-8051-476B-A8F6-CD52FC8767EC}.AppStore|x64.Build.0 = Debug|Any CPU
		{D6C5CE0C-8051-476B-A8F6-CD52FC8767EC}.AppStore|x86.ActiveCfg = Debug|Any CPU
		{D6C5CE0C-8051-476B-A8F6-CD52FC8767EC}.AppStore|x86.Build.0 = Debug|Any CPU
		{D6C5CE0C-8051-476B-A8F6-CD52FC8767EC}.Debug|Any CPU.ActiveCfg = Debug|Any CPU
		{D6C5CE0C-8051-476B-A8F6-CD52FC8767EC}.Debug|Any CPU.Build.0 = Debug|Any CPU
		{D6C5CE0C-8051-476B-A8F6-CD52FC8767EC}.Debug|ARM.ActiveCfg = Debug|Any CPU
		{D6C5CE0C-8051-476B-A8F6-CD52FC8767EC}.Debug|ARM.Build.0 = Debug|Any CPU
		{D6C5CE0C-8051-476B-A8F6-CD52FC8767EC}.Debug|iPhone.ActiveCfg = Debug|Any CPU
		{D6C5CE0C-8051-476B-A8F6-CD52FC8767EC}.Debug|iPhone.Build.0 = Debug|Any CPU
		{D6C5CE0C-8051-476B-A8F6-CD52FC8767EC}.Debug|iPhoneSimulator.ActiveCfg = Debug|Any CPU
		{D6C5CE0C-8051-476B-A8F6-CD52FC8767EC}.Debug|iPhoneSimulator.Build.0 = Debug|Any CPU
		{D6C5CE0C-8051-476B-A8F6-CD52FC8767EC}.Debug|x64.ActiveCfg = Debug|Any CPU
		{D6C5CE0C-8051-476B-A8F6-CD52FC8767EC}.Debug|x64.Build.0 = Debug|Any CPU
		{D6C5CE0C-8051-476B-A8F6-CD52FC8767EC}.Debug|x86.ActiveCfg = Debug|Any CPU
		{D6C5CE0C-8051-476B-A8F6-CD52FC8767EC}.Debug|x86.Build.0 = Debug|Any CPU
		{D6C5CE0C-8051-476B-A8F6-CD52FC8767EC}.Release|Any CPU.ActiveCfg = Release|Any CPU
		{D6C5CE0C-8051-476B-A8F6-CD52FC8767EC}.Release|Any CPU.Build.0 = Release|Any CPU
		{D6C5CE0C-8051-476B-A8F6-CD52FC8767EC}.Release|ARM.ActiveCfg = Release|Any CPU
		{D6C5CE0C-8051-476B-A8F6-CD52FC8767EC}.Release|ARM.Build.0 = Release|Any CPU
		{D6C5CE0C-8051-476B-A8F6-CD52FC8767EC}.Release|iPhone.ActiveCfg = Release|Any CPU
		{D6C5CE0C-8051-476B-A8F6-CD52FC8767EC}.Release|iPhone.Build.0 = Release|Any CPU
		{D6C5CE0C-8051-476B-A8F6-CD52FC8767EC}.Release|iPhoneSimulator.ActiveCfg = Release|Any CPU
		{D6C5CE0C-8051-476B-A8F6-CD52FC8767EC}.Release|iPhoneSimulator.Build.0 = Release|Any CPU
		{D6C5CE0C-8051-476B-A8F6-CD52FC8767EC}.Release|x64.ActiveCfg = Release|Any CPU
		{D6C5CE0C-8051-476B-A8F6-CD52FC8767EC}.Release|x64.Build.0 = Release|Any CPU
		{D6C5CE0C-8051-476B-A8F6-CD52FC8767EC}.Release|x86.ActiveCfg = Release|Any CPU
		{D6C5CE0C-8051-476B-A8F6-CD52FC8767EC}.Release|x86.Build.0 = Release|Any CPU
		{B3C3BD75-528E-4587-9D1D-7B24EB885C2F}.Ad-Hoc|Any CPU.ActiveCfg = Debug|Any CPU
		{B3C3BD75-528E-4587-9D1D-7B24EB885C2F}.Ad-Hoc|Any CPU.Build.0 = Debug|Any CPU
		{B3C3BD75-528E-4587-9D1D-7B24EB885C2F}.Ad-Hoc|ARM.ActiveCfg = Debug|Any CPU
		{B3C3BD75-528E-4587-9D1D-7B24EB885C2F}.Ad-Hoc|ARM.Build.0 = Debug|Any CPU
		{B3C3BD75-528E-4587-9D1D-7B24EB885C2F}.Ad-Hoc|iPhone.ActiveCfg = Debug|Any CPU
		{B3C3BD75-528E-4587-9D1D-7B24EB885C2F}.Ad-Hoc|iPhone.Build.0 = Debug|Any CPU
		{B3C3BD75-528E-4587-9D1D-7B24EB885C2F}.Ad-Hoc|iPhoneSimulator.ActiveCfg = Debug|Any CPU
		{B3C3BD75-528E-4587-9D1D-7B24EB885C2F}.Ad-Hoc|iPhoneSimulator.Build.0 = Debug|Any CPU
		{B3C3BD75-528E-4587-9D1D-7B24EB885C2F}.Ad-Hoc|x64.ActiveCfg = Debug|Any CPU
		{B3C3BD75-528E-4587-9D1D-7B24EB885C2F}.Ad-Hoc|x64.Build.0 = Debug|Any CPU
		{B3C3BD75-528E-4587-9D1D-7B24EB885C2F}.Ad-Hoc|x86.ActiveCfg = Debug|Any CPU
		{B3C3BD75-528E-4587-9D1D-7B24EB885C2F}.Ad-Hoc|x86.Build.0 = Debug|Any CPU
		{B3C3BD75-528E-4587-9D1D-7B24EB885C2F}.AppStore|Any CPU.ActiveCfg = Debug|Any CPU
		{B3C3BD75-528E-4587-9D1D-7B24EB885C2F}.AppStore|Any CPU.Build.0 = Debug|Any CPU
		{B3C3BD75-528E-4587-9D1D-7B24EB885C2F}.AppStore|ARM.ActiveCfg = Debug|Any CPU
		{B3C3BD75-528E-4587-9D1D-7B24EB885C2F}.AppStore|ARM.Build.0 = Debug|Any CPU
		{B3C3BD75-528E-4587-9D1D-7B24EB885C2F}.AppStore|iPhone.ActiveCfg = Debug|Any CPU
		{B3C3BD75-528E-4587-9D1D-7B24EB885C2F}.AppStore|iPhone.Build.0 = Debug|Any CPU
		{B3C3BD75-528E-4587-9D1D-7B24EB885C2F}.AppStore|iPhoneSimulator.ActiveCfg = Debug|Any CPU
		{B3C3BD75-528E-4587-9D1D-7B24EB885C2F}.AppStore|iPhoneSimulator.Build.0 = Debug|Any CPU
		{B3C3BD75-528E-4587-9D1D-7B24EB885C2F}.AppStore|x64.ActiveCfg = Debug|Any CPU
		{B3C3BD75-528E-4587-9D1D-7B24EB885C2F}.AppStore|x64.Build.0 = Debug|Any CPU
		{B3C3BD75-528E-4587-9D1D-7B24EB885C2F}.AppStore|x86.ActiveCfg = Debug|Any CPU
		{B3C3BD75-528E-4587-9D1D-7B24EB885C2F}.AppStore|x86.Build.0 = Debug|Any CPU
		{B3C3BD75-528E-4587-9D1D-7B24EB885C2F}.Debug|Any CPU.ActiveCfg = Debug|Any CPU
		{B3C3BD75-528E-4587-9D1D-7B24EB885C2F}.Debug|Any CPU.Build.0 = Debug|Any CPU
		{B3C3BD75-528E-4587-9D1D-7B24EB885C2F}.Debug|ARM.ActiveCfg = Debug|Any CPU
		{B3C3BD75-528E-4587-9D1D-7B24EB885C2F}.Debug|ARM.Build.0 = Debug|Any CPU
		{B3C3BD75-528E-4587-9D1D-7B24EB885C2F}.Debug|iPhone.ActiveCfg = Debug|Any CPU
		{B3C3BD75-528E-4587-9D1D-7B24EB885C2F}.Debug|iPhone.Build.0 = Debug|Any CPU
		{B3C3BD75-528E-4587-9D1D-7B24EB885C2F}.Debug|iPhoneSimulator.ActiveCfg = Debug|Any CPU
		{B3C3BD75-528E-4587-9D1D-7B24EB885C2F}.Debug|iPhoneSimulator.Build.0 = Debug|Any CPU
		{B3C3BD75-528E-4587-9D1D-7B24EB885C2F}.Debug|x64.ActiveCfg = Debug|Any CPU
		{B3C3BD75-528E-4587-9D1D-7B24EB885C2F}.Debug|x64.Build.0 = Debug|Any CPU
		{B3C3BD75-528E-4587-9D1D-7B24EB885C2F}.Debug|x86.ActiveCfg = Debug|Any CPU
		{B3C3BD75-528E-4587-9D1D-7B24EB885C2F}.Debug|x86.Build.0 = Debug|Any CPU
		{B3C3BD75-528E-4587-9D1D-7B24EB885C2F}.Release|Any CPU.ActiveCfg = Release|Any CPU
		{B3C3BD75-528E-4587-9D1D-7B24EB885C2F}.Release|Any CPU.Build.0 = Release|Any CPU
		{B3C3BD75-528E-4587-9D1D-7B24EB885C2F}.Release|ARM.ActiveCfg = Release|Any CPU
		{B3C3BD75-528E-4587-9D1D-7B24EB885C2F}.Release|ARM.Build.0 = Release|Any CPU
		{B3C3BD75-528E-4587-9D1D-7B24EB885C2F}.Release|iPhone.ActiveCfg = Release|Any CPU
		{B3C3BD75-528E-4587-9D1D-7B24EB885C2F}.Release|iPhone.Build.0 = Release|Any CPU
		{B3C3BD75-528E-4587-9D1D-7B24EB885C2F}.Release|iPhoneSimulator.ActiveCfg = Release|Any CPU
		{B3C3BD75-528E-4587-9D1D-7B24EB885C2F}.Release|iPhoneSimulator.Build.0 = Release|Any CPU
		{B3C3BD75-528E-4587-9D1D-7B24EB885C2F}.Release|x64.ActiveCfg = Release|Any CPU
		{B3C3BD75-528E-4587-9D1D-7B24EB885C2F}.Release|x64.Build.0 = Release|Any CPU
		{B3C3BD75-528E-4587-9D1D-7B24EB885C2F}.Release|x86.ActiveCfg = Release|Any CPU
		{B3C3BD75-528E-4587-9D1D-7B24EB885C2F}.Release|x86.Build.0 = Release|Any CPU
		{322F6637-8E70-44AD-B2DA-3CFFBDFC8138}.Ad-Hoc|Any CPU.ActiveCfg = Debug|Any CPU
		{322F6637-8E70-44AD-B2DA-3CFFBDFC8138}.Ad-Hoc|Any CPU.Build.0 = Debug|Any CPU
		{322F6637-8E70-44AD-B2DA-3CFFBDFC8138}.Ad-Hoc|ARM.ActiveCfg = Debug|Any CPU
		{322F6637-8E70-44AD-B2DA-3CFFBDFC8138}.Ad-Hoc|ARM.Build.0 = Debug|Any CPU
		{322F6637-8E70-44AD-B2DA-3CFFBDFC8138}.Ad-Hoc|iPhone.ActiveCfg = Debug|Any CPU
		{322F6637-8E70-44AD-B2DA-3CFFBDFC8138}.Ad-Hoc|iPhone.Build.0 = Debug|Any CPU
		{322F6637-8E70-44AD-B2DA-3CFFBDFC8138}.Ad-Hoc|iPhoneSimulator.ActiveCfg = Debug|Any CPU
		{322F6637-8E70-44AD-B2DA-3CFFBDFC8138}.Ad-Hoc|iPhoneSimulator.Build.0 = Debug|Any CPU
		{322F6637-8E70-44AD-B2DA-3CFFBDFC8138}.Ad-Hoc|x64.ActiveCfg = Debug|Any CPU
		{322F6637-8E70-44AD-B2DA-3CFFBDFC8138}.Ad-Hoc|x64.Build.0 = Debug|Any CPU
		{322F6637-8E70-44AD-B2DA-3CFFBDFC8138}.Ad-Hoc|x86.ActiveCfg = Debug|Any CPU
		{322F6637-8E70-44AD-B2DA-3CFFBDFC8138}.Ad-Hoc|x86.Build.0 = Debug|Any CPU
		{322F6637-8E70-44AD-B2DA-3CFFBDFC8138}.AppStore|Any CPU.ActiveCfg = Debug|Any CPU
		{322F6637-8E70-44AD-B2DA-3CFFBDFC8138}.AppStore|Any CPU.Build.0 = Debug|Any CPU
		{322F6637-8E70-44AD-B2DA-3CFFBDFC8138}.AppStore|ARM.ActiveCfg = Debug|Any CPU
		{322F6637-8E70-44AD-B2DA-3CFFBDFC8138}.AppStore|ARM.Build.0 = Debug|Any CPU
		{322F6637-8E70-44AD-B2DA-3CFFBDFC8138}.AppStore|iPhone.ActiveCfg = Debug|Any CPU
		{322F6637-8E70-44AD-B2DA-3CFFBDFC8138}.AppStore|iPhone.Build.0 = Debug|Any CPU
		{322F6637-8E70-44AD-B2DA-3CFFBDFC8138}.AppStore|iPhoneSimulator.ActiveCfg = Debug|Any CPU
		{322F6637-8E70-44AD-B2DA-3CFFBDFC8138}.AppStore|iPhoneSimulator.Build.0 = Debug|Any CPU
		{322F6637-8E70-44AD-B2DA-3CFFBDFC8138}.AppStore|x64.ActiveCfg = Debug|Any CPU
		{322F6637-8E70-44AD-B2DA-3CFFBDFC8138}.AppStore|x64.Build.0 = Debug|Any CPU
		{322F6637-8E70-44AD-B2DA-3CFFBDFC8138}.AppStore|x86.ActiveCfg = Debug|Any CPU
		{322F6637-8E70-44AD-B2DA-3CFFBDFC8138}.AppStore|x86.Build.0 = Debug|Any CPU
		{322F6637-8E70-44AD-B2DA-3CFFBDFC8138}.Debug|Any CPU.ActiveCfg = Debug|Any CPU
		{322F6637-8E70-44AD-B2DA-3CFFBDFC8138}.Debug|Any CPU.Build.0 = Debug|Any CPU
		{322F6637-8E70-44AD-B2DA-3CFFBDFC8138}.Debug|ARM.ActiveCfg = Debug|Any CPU
		{322F6637-8E70-44AD-B2DA-3CFFBDFC8138}.Debug|ARM.Build.0 = Debug|Any CPU
		{322F6637-8E70-44AD-B2DA-3CFFBDFC8138}.Debug|iPhone.ActiveCfg = Debug|Any CPU
		{322F6637-8E70-44AD-B2DA-3CFFBDFC8138}.Debug|iPhone.Build.0 = Debug|Any CPU
		{322F6637-8E70-44AD-B2DA-3CFFBDFC8138}.Debug|iPhoneSimulator.ActiveCfg = Debug|Any CPU
		{322F6637-8E70-44AD-B2DA-3CFFBDFC8138}.Debug|iPhoneSimulator.Build.0 = Debug|Any CPU
		{322F6637-8E70-44AD-B2DA-3CFFBDFC8138}.Debug|x64.ActiveCfg = Debug|Any CPU
		{322F6637-8E70-44AD-B2DA-3CFFBDFC8138}.Debug|x64.Build.0 = Debug|Any CPU
		{322F6637-8E70-44AD-B2DA-3CFFBDFC8138}.Debug|x86.ActiveCfg = Debug|Any CPU
		{322F6637-8E70-44AD-B2DA-3CFFBDFC8138}.Debug|x86.Build.0 = Debug|Any CPU
		{322F6637-8E70-44AD-B2DA-3CFFBDFC8138}.Release|Any CPU.ActiveCfg = Release|Any CPU
		{322F6637-8E70-44AD-B2DA-3CFFBDFC8138}.Release|Any CPU.Build.0 = Release|Any CPU
		{322F6637-8E70-44AD-B2DA-3CFFBDFC8138}.Release|ARM.ActiveCfg = Release|Any CPU
		{322F6637-8E70-44AD-B2DA-3CFFBDFC8138}.Release|ARM.Build.0 = Release|Any CPU
		{322F6637-8E70-44AD-B2DA-3CFFBDFC8138}.Release|iPhone.ActiveCfg = Release|Any CPU
		{322F6637-8E70-44AD-B2DA-3CFFBDFC8138}.Release|iPhone.Build.0 = Release|Any CPU
		{322F6637-8E70-44AD-B2DA-3CFFBDFC8138}.Release|iPhoneSimulator.ActiveCfg = Release|Any CPU
		{322F6637-8E70-44AD-B2DA-3CFFBDFC8138}.Release|iPhoneSimulator.Build.0 = Release|Any CPU
		{322F6637-8E70-44AD-B2DA-3CFFBDFC8138}.Release|x64.ActiveCfg = Release|Any CPU
		{322F6637-8E70-44AD-B2DA-3CFFBDFC8138}.Release|x64.Build.0 = Release|Any CPU
		{322F6637-8E70-44AD-B2DA-3CFFBDFC8138}.Release|x86.ActiveCfg = Release|Any CPU
		{322F6637-8E70-44AD-B2DA-3CFFBDFC8138}.Release|x86.Build.0 = Release|Any CPU
	EndGlobalSection
	GlobalSection(SolutionProperties) = preSolution
		HideSolutionNode = FALSE
	EndGlobalSection
	GlobalSection(NestedProjects) = preSolution
		{3F5473D6-3368-4699-A964-D2C60C7DD603} = {932D8224-11F6-4D07-B109-DA28AD288A63}
		{D6C5CE0C-8051-476B-A8F6-CD52FC8767EC} = {3F5473D6-3368-4699-A964-D2C60C7DD603}
		{B3C3BD75-528E-4587-9D1D-7B24EB885C2F} = {3F5473D6-3368-4699-A964-D2C60C7DD603}
		{322F6637-8E70-44AD-B2DA-3CFFBDFC8138} = {3F5473D6-3368-4699-A964-D2C60C7DD603}
	EndGlobalSection
	GlobalSection(ExtensibilityGlobals) = postSolution
		SolutionGuid = {25728519-5F0F-4973-8A64-0A81EB4EA8D9}
	EndGlobalSection
EndGlobal
